// !$*UTF8*$!
{
	archiveVersion = 1;
	classes = {
	};
	objectVersion = 48;
	objects = {

/* Begin PBXBuildFile section */
		2088D4B31F97EE1000C740D0 /* AppDelegate.swift in Sources */ = {isa = PBXBuildFile; fileRef = 2088D4B21F97EE1000C740D0 /* AppDelegate.swift */; };
		2088D4B51F97EE1000C740D0 /* SelectCarViewController.swift in Sources */ = {isa = PBXBuildFile; fileRef = 2088D4B41F97EE1000C740D0 /* SelectCarViewController.swift */; };
		2088D4B81F97EE1000C740D0 /* Main.storyboard in Resources */ = {isa = PBXBuildFile; fileRef = 2088D4B61F97EE1000C740D0 /* Main.storyboard */; };
		2088D4BB1F97EE1000C740D0 /* CarExp.xcdatamodeld in Sources */ = {isa = PBXBuildFile; fileRef = 2088D4B91F97EE1000C740D0 /* CarExp.xcdatamodeld */; };
		2088D4BD1F97EE1000C740D0 /* Assets.xcassets in Resources */ = {isa = PBXBuildFile; fileRef = 2088D4BC1F97EE1000C740D0 /* Assets.xcassets */; };
		2088D4C01F97EE1000C740D0 /* LaunchScreen.storyboard in Resources */ = {isa = PBXBuildFile; fileRef = 2088D4BE1F97EE1000C740D0 /* LaunchScreen.storyboard */; };
		2088D4C81F9917F800C740D0 /* AddCarViewController.swift in Sources */ = {isa = PBXBuildFile; fileRef = 2088D4C71F9917F800C740D0 /* AddCarViewController.swift */; };
/* End PBXBuildFile section */

/* Begin PBXFileReference section */
		2088D4AF1F97EE1000C740D0 /* CarExp.app */ = {isa = PBXFileReference; explicitFileType = wrapper.application; includeInIndex = 0; path = CarExp.app; sourceTree = BUILT_PRODUCTS_DIR; };
		2088D4B21F97EE1000C740D0 /* AppDelegate.swift */ = {isa = PBXFileReference; lastKnownFileType = sourcecode.swift; path = AppDelegate.swift; sourceTree = "<group>"; };
		2088D4B41F97EE1000C740D0 /* SelectCarViewController.swift */ = {isa = PBXFileReference; lastKnownFileType = sourcecode.swift; path = SelectCarViewController.swift; sourceTree = "<group>"; };
		2088D4B71F97EE1000C740D0 /* Base */ = {isa = PBXFileReference; lastKnownFileType = file.storyboard; name = Base; path = Base.lproj/Main.storyboard; sourceTree = "<group>"; };
		2088D4BA1F97EE1000C740D0 /* CarExp.xcdatamodel */ = {isa = PBXFileReference; lastKnownFileType = wrapper.xcdatamodel; path = CarExp.xcdatamodel; sourceTree = "<group>"; };
		2088D4BC1F97EE1000C740D0 /* Assets.xcassets */ = {isa = PBXFileReference; lastKnownFileType = folder.assetcatalog; path = Assets.xcassets; sourceTree = "<group>"; };
		2088D4BF1F97EE1000C740D0 /* Base */ = {isa = PBXFileReference; lastKnownFileType = file.storyboard; name = Base; path = Base.lproj/LaunchScreen.storyboard; sourceTree = "<group>"; };
		2088D4C11F97EE1000C740D0 /* Info.plist */ = {isa = PBXFileReference; lastKnownFileType = text.plist.xml; path = Info.plist; sourceTree = "<group>"; };
		2088D4C71F9917F800C740D0 /* AddCarViewController.swift */ = {isa = PBXFileReference; lastKnownFileType = sourcecode.swift; path = AddCarViewController.swift; sourceTree = "<group>"; };
/* End PBXFileReference section */

/* Begin PBXFrameworksBuildPhase section */
		2088D4AC1F97EE1000C740D0 /* Frameworks */ = {
			isa = PBXFrameworksBuildPhase;
			buildActionMask = 2147483647;
			files = (
			);
			runOnlyForDeploymentPostprocessing = 0;
		};
/* End PBXFrameworksBuildPhase section */

/* Begin PBXGroup section */
		2088D4A61F97EE1000C740D0 = {
			isa = PBXGroup;
			children = (
				2088D4B11F97EE1000C740D0 /* CarExp */,
				2088D4B01F97EE1000C740D0 /* Products */,
			);
			sourceTree = "<group>";
		};
		2088D4B01F97EE1000C740D0 /* Products */ = {
			isa = PBXGroup;
			children = (
				2088D4AF1F97EE1000C740D0 /* CarExp.app */,
			);
			name = Products;
			sourceTree = "<group>";
		};
		2088D4B11F97EE1000C740D0 /* CarExp */ = {
			isa = PBXGroup;
			children = (
				2088D4B21F97EE1000C740D0 /* AppDelegate.swift */,
				2088D4B41F97EE1000C740D0 /* SelectCarViewController.swift */,
				2088D4B61F97EE1000C740D0 /* Main.storyboard */,
				2088D4BC1F97EE1000C740D0 /* Assets.xcassets */,
				2088D4BE1F97EE1000C740D0 /* LaunchScreen.storyboard */,
				2088D4C11F97EE1000C740D0 /* Info.plist */,
				2088D4B91F97EE1000C740D0 /* CarExp.xcdatamodeld */,
				2088D4C71F9917F800C740D0 /* AddCarViewController.swift */,
			);
			path = CarExp;
			sourceTree = "<group>";
		};
/* End PBXGroup section */

/* Begin PBXNativeTarget section */
		2088D4AE1F97EE1000C740D0 /* CarExp */ = {
			isa = PBXNativeTarget;
			buildConfigurationList = 2088D4C41F97EE1000C740D0 /* Build configuration list for PBXNativeTarget "CarExp" */;
			buildPhases = (
				2088D4AB1F97EE1000C740D0 /* Sources */,
				2088D4AC1F97EE1000C740D0 /* Frameworks */,
				2088D4AD1F97EE1000C740D0 /* Resources */,
			);
			buildRules = (
			);
			dependencies = (
			);
			name = CarExp;
			productName = CarExp;
			productReference = 2088D4AF1F97EE1000C740D0 /* CarExp.app */;
			productType = "com.apple.product-type.application";
		};
/* End PBXNativeTarget section */

/* Begin PBXProject section */
		2088D4A71F97EE1000C740D0 /* Project object */ = {
			isa = PBXProject;
			attributes = {
				LastSwiftUpdateCheck = 0900;
				LastUpgradeCheck = 0900;
				ORGANIZATIONNAME = cm_apps;
				TargetAttributes = {
					2088D4AE1F97EE1000C740D0 = {
						CreatedOnToolsVersion = 9.0;
						ProvisioningStyle = Automatic;
					};
				};
			};
			buildConfigurationList = 2088D4AA1F97EE1000C740D0 /* Build configuration list for PBXProject "CarExp" */;
			compatibilityVersion = "Xcode 8.0";
			developmentRegion = en;
			hasScannedForEncodings = 0;
			knownRegions = (
				en,
				Base,
			);
			mainGroup = 2088D4A61F97EE1000C740D0;
			productRefGroup = 2088D4B01F97EE1000C740D0 /* Products */;
			projectDirPath = "";
			projectRoot = "";
			targets = (
				2088D4AE1F97EE1000C740D0 /* CarExp */,
			);
		};
/* End PBXProject section */

/* Begin PBXResourcesBuildPhase section */
		2088D4AD1F97EE1000C740D0 /* Resources */ = {
			isa = PBXResourcesBuildPhase;
			buildActionMask = 2147483647;
			files = (
				2088D4C01F97EE1000C740D0 /* LaunchScreen.storyboard in Resources */,
				2088D4BD1F97EE1000C740D0 /* Assets.xcassets in Resources */,
				2088D4B81F97EE1000C740D0 /* Main.storyboard in Resources */,
			);
			runOnlyForDeploymentPostprocessing = 0;
		};
/* End PBXResourcesBuildPhase section */

/* Begin PBXSourcesBuildPhase section */
		2088D4AB1F97EE1000C740D0 /* Sources */ = {
			isa = PBXSourcesBuildPhase;
			buildActionMask = 2147483647;
			files = (
				2088D4B51F97EE1000C740D0 /* SelectCarViewController.swift in Sources */,
				2088D4B31F97EE1000C740D0 /* AppDelegate.swift in Sources */,
				2088D4BB1F97EE1000C740D0 /* CarExp.xcdatamodeld in Sources */,
				2088D4C81F9917F800C740D0 /* AddCarViewController.swift in Sources */,
			);
			runOnlyForDeploymentPostprocessing = 0;
		};
/* End PBXSourcesBuildPhase section */

/* Begin PBXVariantGroup section */
		2088D4B61F97EE1000C740D0 /* Main.storyboard */ = {
			isa = PBXVariantGroup;
			children = (
				2088D4B71F97EE1000C740D0 /* Base */,
			);
			name = Main.storyboard;
			sourceTree = "<group>";
		};
		2088D4BE1F97EE1000C740D0 /* LaunchScreen.storyboard */ = {
			isa = PBXVariantGroup;
			children = (
				2088D4BF1F97EE1000C740D0 /* Base */,
			);
			name = LaunchScreen.storyboard;
			sourceTree = "<group>";
		};
/* End PBXVariantGroup section */

/* Begin XCBuildConfiguration section */
		2088D4C21F97EE1000C740D0 /* Debug */ = {
			isa = XCBuildConfiguration;
			buildSettings = {
				ALWAYS_SEARCH_USER_PATHS = NO;
				CLANG_ANALYZER_NONNULL = YES;
				CLANG_ANALYZER_NUMBER_OBJECT_CONVERSION = YES_AGGRESSIVE;
				CLANG_CXX_LANGUAGE_STANDARD = "gnu++14";
				CLANG_CXX_LIBRARY = "libc++";
				CLANG_ENABLE_MODULES = YES;
				CLANG_ENABLE_OBJC_ARC = YES;
				CLANG_WARN_BLOCK_CAPTURE_AUTORELEASING = YES;
				CLANG_WARN_BOOL_CONVERSION = YES;
				CLANG_WARN_COMMA = YES;
				CLANG_WARN_CONSTANT_CONVERSION = YES;
				CLANG_WARN_DIRECT_OBJC_ISA_USAGE = YES_ERROR;
				CLANG_WARN_DOCUMENTATION_COMMENTS = YES;
				CLANG_WARN_EMPTY_BODY = YES;
				CLANG_WARN_ENUM_CONVERSION = YES;
				CLANG_WARN_INFINITE_RECURSION = YES;
				CLANG_WARN_INT_CONVERSION = YES;
				CLANG_WARN_NON_LITERAL_NULL_CONVERSION = YES;
				CLANG_WARN_OBJC_LITERAL_CONVERSION = YES;
				CLANG_WARN_OBJC_ROOT_CLASS = YES_ERROR;
				CLANG_WARN_RANGE_LOOP_ANALYSIS = YES;
				CLANG_WARN_STRICT_PROTOTYPES = YES;
				CLANG_WARN_SUSPICIOUS_MOVE = YES;
				CLANG_WARN_UNGUARDED_AVAILABILITY = YES_AGGRESSIVE;
				CLANG_WARN_UNREACHABLE_CODE = YES;
				CLANG_WARN__DUPLICATE_METHOD_MATCH = YES;
				CODE_SIGN_IDENTITY = "iPhone Developer";
				COPY_PHASE_STRIP = NO;
				DEBUG_INFORMATION_FORMAT = dwarf;
				ENABLE_STRICT_OBJC_MSGSEND = YES;
				ENABLE_TESTABILITY = YES;
				GCC_C_LANGUAGE_STANDARD = gnu11;
				GCC_DYNAMIC_NO_PIC = NO;
				GCC_NO_COMMON_BLOCKS = YES;
				GCC_OPTIMIZATION_LEVEL = 0;
				GCC_PREPROCESSOR_DEFINITIONS = (
					"DEBUG=1",
					"$(inherited)",
				);
				GCC_WARN_64_TO_32_BIT_CONVERSION = YES;
				GCC_WARN_ABOUT_RETURN_TYPE = YES_ERROR;
				GCC_WARN_UNDECLARED_SELECTOR = YES;
				GCC_WARN_UNINITIALIZED_AUTOS = YES_AGGRESSIVE;
				GCC_WARN_UNUSED_FUNCTION = YES;
				GCC_WARN_UNUSED_VARIABLE = YES;
				IPHONEOS_DEPLOYMENT_TARGET = 11.0;
				MTL_ENABLE_DEBUG_INFO = YES;
				ONLY_ACTIVE_ARCH = YES;
				SDKROOT = iphoneos;
				SWIFT_ACTIVE_COMPILATION_CONDITIONS = DEBUG;
				SWIFT_OPTIMIZATION_LEVEL = "-Onone";
			};
			name = Debug;
		};
		2088D4C31F97EE1000C740D0 /* Release */ = {
			isa = XCBuildConfiguration;
			buildSettings = {
				ALWAYS_SEARCH_USER_PATHS = NO;
				CLANG_ANALYZER_NONNULL = YES;
				CLANG_ANALYZER_NUMBER_OBJECT_CONVERSION = YES_AGGRESSIVE;
				CLANG_CXX_LANGUAGE_STANDARD = "gnu++14";
				CLANG_CXX_LIBRARY = "libc++";
				CLANG_ENABLE_MODULES = YES;
				CLANG_ENABLE_OBJC_ARC = YES;
				CLANG_WARN_BLOCK_CAPTURE_AUTORELEASING = YES;
				CLANG_WARN_BOOL_CONVERSION = YES;
				CLANG_WARN_COMMA = YES;
				CLANG_WARN_CONSTANT_CONVERSION = YES;
				CLANG_WARN_DIRECT_OBJC_ISA_USAGE = YES_ERROR;
				CLANG_WARN_DOCUMENTATION_COMMENTS = YES;
				CLANG_WARN_EMPTY_BODY = YES;
				CLANG_WARN_ENUM_CONVERSION = YES;
				CLANG_WARN_INFINITE_RECURSION = YES;
				CLANG_WARN_INT_CONVERSION = YES;
				CLANG_WARN_NON_LITERAL_NULL_CONVERSION = YES;
				CLANG_WARN_OBJC_LITERAL_CONVERSION = YES;
				CLANG_WARN_OBJC_ROOT_CLASS = YES_ERROR;
				CLANG_WARN_RANGE_LOOP_ANALYSIS = YES;
				CLANG_WARN_STRICT_PROTOTYPES = YES;
				CLANG_WARN_SUSPICIOUS_MOVE = YES;
				CLANG_WARN_UNGUARDED_AVAILABILITY = YES_AGGRESSIVE;
				CLANG_WARN_UNREACHABLE_CODE = YES;
				CLANG_WARN__DUPLICATE_METHOD_MATCH = YES;
				CODE_SIGN_IDENTITY = "iPhone Developer";
				COPY_PHASE_STRIP = NO;
				DEBUG_INFORMATION_FORMAT = "dwarf-with-dsym";
				ENABLE_NS_ASSERTIONS = NO;
				ENABLE_STRICT_OBJC_MSGSEND = YES;
				GCC_C_LANGUAGE_STANDARD = gnu11;
				GCC_NO_COMMON_BLOCKS = YES;
				GCC_WARN_64_TO_32_BIT_CONVERSION = YES;
				GCC_WARN_ABOUT_RETURN_TYPE = YES_ERROR;
				GCC_WARN_UNDECLARED_SELECTOR = YES;
				GCC_WARN_UNINITIALIZED_AUTOS = YES_AGGRESSIVE;
				GCC_WARN_UNUSED_FUNCTION = YES;
				GCC_WARN_UNUSED_VARIABLE = YES;
				IPHONEOS_DEPLOYMENT_TARGET = 11.0;
				MTL_ENABLE_DEBUG_INFO = NO;
				SDKROOT = iphoneos;
				SWIFT_OPTIMIZATION_LEVEL = "-Owholemodule";
				VALIDATE_PRODUCT = YES;
			};
			name = Release;
		};
		2088D4C51F97EE1000C740D0 /* Debug */ = {
			isa = XCBuildConfiguration;
			buildSettings = {
				ASSETCATALOG_COMPILER_APPICON_NAME = AppIcon;
				CODE_SIGN_STYLE = Automatic;
				DEVELOPMENT_TEAM = 2W8EHH82G8;
				INFOPLIST_FILE = CarExp/Info.plist;
				LD_RUNPATH_SEARCH_PATHS = "$(inherited) @executable_path/Frameworks";
				PRODUCT_BUNDLE_IDENTIFIER = "cm-apps.CarExp";
				PRODUCT_NAME = "$(TARGET_NAME)";
				SWIFT_VERSION = 4.0;
				TARGETED_DEVICE_FAMILY = "1,2";
			};
			name = Debug;
		};
		2088D4C61F97EE1000C740D0 /* Release */ = {
			isa = XCBuildConfiguration;
			buildSettings = {
				ASSETCATALOG_COMPILER_APPICON_NAME = AppIcon;
				CODE_SIGN_STYLE = Automatic;
				DEVELOPMENT_TEAM = 2W8EHH82G8;
				INFOPLIST_FILE = CarExp/Info.plist;
				LD_RUNPATH_SEARCH_PATHS = "$(inherited) @executable_path/Frameworks";
				PRODUCT_BUNDLE_IDENTIFIER = "cm-apps.CarExp";
				PRODUCT_NAME = "$(TARGET_NAME)";
				SWIFT_VERSION = 4.0;
				TARGETED_DEVICE_FAMILY = "1,2";
			};
			name = Release;
		};
/* End XCBuildConfiguration section */

/* Begin XCConfigurationList section */
		2088D4AA1F97EE1000C740D0 /* Build configuration list for PBXProject "CarExp" */ = {
			isa = XCConfigurationList;
			buildConfigurations = (
				2088D4C21F97EE1000C740D0 /* Debug */,
				2088D4C31F97EE1000C740D0 /* Release */,
			);
			defaultConfigurationIsVisible = 0;
			defaultConfigurationName = Release;
		};
		2088D4C41F97EE1000C740D0 /* Build configuration list for PBXNativeTarget "CarExp" */ = {
			isa = XCConfigurationList;
			buildConfigurations = (
				2088D4C51F97EE1000C740D0 /* Debug */,
				2088D4C61F97EE1000C740D0 /* Release */,
			);
			defaultConfigurationIsVisible = 0;
			defaultConfigurationName = Release;
		};
/* End XCConfigurationList section */

/* Begin XCVersionGroup section */
		2088D4B91F97EE1000C740D0 /* CarExp.xcdatamodeld */ = {
			isa = XCVersionGroup;
			children = (
				2088D4BA1F97EE1000C740D0 /* CarExp.xcdatamodel */,
			);
			currentVersion = 2088D4BA1F97EE1000C740D0 /* CarExp.xcdatamodel */;
			path = CarExp.xcdatamodeld;
			sourceTree = "<group>";
			versionGroupType = wrapper.xcdatamodel;
		};
/* End XCVersionGroup section */
	};
	rootObject = 2088D4A71F97EE1000C740D0 /* Project object */;
}
